// !$*UTF8*$!
{
	archiveVersion = 1;
	classes = {
	};
	objectVersion = 56;
	objects = {

/* Begin PBXBuildFile section */
		3D0D6B092F7981410021EBD6 /* Product.swift in Sources */ = {isa = PBXBuildFile; fileRef = 3D0D6B082F7981350021EBD6 /* Product.swift */; };
		3D0D6B0B2F7981EF0021EBD6 /* ProductService.swift in Sources */ = {isa = PBXBuildFile; fileRef = 3D0D6B0A2F7981D70021EBD6 /* ProductService.swift */; };
		3DA18E0D2F7858B10077DB52 /* IngredientCheckApp.swift in Sources */ = {isa = PBXBuildFile; fileRef = 3DA18E0C2F7858B10077DB52 /* IngredientCheckApp.swift */; };
		3DA18E0F2F7858B10077DB52 /* ContentView.swift in Sources */ = {isa = PBXBuildFile; fileRef = 3DA18E0E2F7858B10077DB52 /* ContentView.swift */; };
		3DA18E112F7858B30077DB52 /* Assets.xcassets in Resources */ = {isa = PBXBuildFile; fileRef = 3DA18E102F7858B30077DB52 /* Assets.xcassets */; };
		3DA18E142F7858B30077DB52 /* Preview Assets.xcassets in Resources */ = {isa = PBXBuildFile; fileRef = 3DA18E132F7858B30077DB52 /* Preview Assets.xcassets */; };
		3DA18E1E2F7858B30077DB52 /* IngredientCheckTests.swift in Sources */ = {isa = PBXBuildFile; fileRef = 3DA18E1D2F7858B30077DB52 /* IngredientCheckTests.swift */; };
		3DA18E282F7858B30077DB52 /* IngredientCheckUITests.swift in Sources */ = {isa = PBXBuildFile; fileRef = 3DA18E272F7858B30077DB52 /* IngredientCheckUITests.swift */; };
		3DA18E2A2F7858B30077DB52 /* IngredientCheckUITestsLaunchTests.swift in Sources */ = {isa = PBXBuildFile; fileRef = 3DA18E292F7858B30077DB52 /* IngredientCheckUITestsLaunchTests.swift */; };
		3DA18E372F7860090077DB52 /* ScannerView.swift in Sources */ = {isa = PBXBuildFile; fileRef = 3DA18E362F7860090077DB52 /* ScannerView.swift */; };
		3DAF4B272FCF1F7D000BD1E9 /* ingredients.json in Resources */ = {isa = PBXBuildFile; fileRef = 3DAF4B222FCF1F7D000BD1E9 /* ingredients.json */; };
		3DAF4B282FCF1F7D000BD1E9 /* IngredientClassifier.swift in Sources */ = {isa = PBXBuildFile; fileRef = 3DAF4B202FCF1F7D000BD1E9 /* IngredientClassifier.swift */; };
		3DAF4B292FCF1F7D000BD1E9 /* UIComponents.swift in Sources */ = {isa = PBXBuildFile; fileRef = 3DAF4B252FCF1F7D000BD1E9 /* UIComponents.swift */; };
		3DAF4B2A2FCF1F7D000BD1E9 /* OFFIngredient.swift in Sources */ = {isa = PBXBuildFile; fileRef = 3DAF4B232FCF1F7D000BD1E9 /* OFFIngredient.swift */; };
		3DAF4B2B2FCF1F7D000BD1E9 /* Verdict.swift in Sources */ = {isa = PBXBuildFile; fileRef = 3DAF4B262FCF1F7D000BD1E9 /* Verdict.swift */; };
		3DAF4B2C2FCF1F7D000BD1E9 /* DietaryProfile.swift in Sources */ = {isa = PBXBuildFile; fileRef = 3DAF4B1F2FCF1F7D000BD1E9 /* DietaryProfile.swift */; };
		3DAF4B2D2FCF1F7D000BD1E9 /* SettingsView.swift in Sources */ = {isa = PBXBuildFile; fileRef = 3DAF4B242FCF1F7D000BD1E9 /* SettingsView.swift */; };
		3DAF4B2E2FCF1F7D000BD1E9 /* IngredientDatabase.swift in Sources */ = {isa = PBXBuildFile; fileRef = 3DAF4B212FCF1F7D000BD1E9 /* IngredientDatabase.swift */; };
		3DAF4B302FD08667000BD1E9 /* ScanHistory.swift in Sources */ = {isa = PBXBuildFile; fileRef = 3DAF4B2F2FD08667000BD1E9 /* ScanHistory.swift */; };
/* End PBXBuildFile section */

/* Begin PBXContainerItemProxy section */
		3DA18E1A2F7858B30077DB52 /* PBXContainerItemProxy */ = {
			isa = PBXContainerItemProxy;
			containerPortal = 3DA18E012F7858B10077DB52 /* Project object */;
			proxyType = 1;
			remoteGlobalIDString = 3DA18E082F7858B10077DB52;
			remoteInfo = IngredientCheck;
		};
		3DA18E242F7858B30077DB52 /* PBXContainerItemProxy */ = {
			isa = PBXContainerItemProxy;
			containerPortal = 3DA18E012F7858B10077DB52 /* Project object */;
			proxyType = 1;
			remoteGlobalIDString = 3DA18E082F7858B10077DB52;
			remoteInfo = IngredientCheck;
		};
/* End PBXContainerItemProxy section */

/* Begin PBXFileReference section */
		3D0D6B082F7981350021EBD6 /* Product.swift */ = {isa = PBXFileReference; lastKnownFileType = sourcecode.swift; path = Product.swift; sourceTree = "<group>"; };
		3D0D6B0A2F7981D70021EBD6 /* ProductService.swift */ = {isa = PBXFileReference; lastKnownFileType = sourcecode.swift; path = ProductService.swift; sourceTree = "<group>"; };
		3DA18E092F7858B10077DB52 /* IngredientCheck.app */ = {isa = PBXFileReference; explicitFileType = wrapper.application; includeInIndex = 0; path = IngredientCheck.app; sourceTree = BUILT_PRODUCTS_DIR; };
		3DA18E0C2F7858B10077DB52 /* IngredientCheckApp.swift */ = {isa = PBXFileReference; lastKnownFileType = sourcecode.swift; path = IngredientCheckApp.swift; sourceTree = "<group>"; };
		3DA18E0E2F7858B10077DB52 /* ContentView.swift */ = {isa = PBXFileReference; lastKnownFileType = sourcecode.swift; path = ContentView.swift; sourceTree = "<group>"; };
		3DA18E102F7858B30077DB52 /* Assets.xcassets */ = {isa = PBXFileReference; lastKnownFileType = folder.assetcatalog; path = Assets.xcassets; sourceTree = "<group>"; };
		3DA18E132F7858B30077DB52 /* Preview Assets.xcassets */ = {isa = PBXFileReference; lastKnownFileType = folder.assetcatalog; path = "Preview Assets.xcassets"; sourceTree = "<group>"; };
		3DA18E192F7858B30077DB52 /* IngredientCheckTests.xctest */ = {isa = PBXFileReference; explicitFileType = wrapper.cfbundle; includeInIndex = 0; path = IngredientCheckTests.xctest; sourceTree = BUILT_PRODUCTS_DIR; };
		3DA18E1D2F7858B30077DB52 /* IngredientCheckTests.swift */ = {isa = PBXFileReference; lastKnownFileType = sourcecode.swift; path = IngredientCheckTests.swift; sourceTree = "<group>"; };
		3DA18E232F7858B30077DB52 /* IngredientCheckUITests.xctest */ = {isa = PBXFileReference; explicitFileType = wrapper.cfbundle; includeInIndex = 0; path = IngredientCheckUITests.xctest; sourceTree = BUILT_PRODUCTS_DIR; };
		3DA18E272F7858B30077DB52 /* IngredientCheckUITests.swift */ = {isa = PBXFileReference; lastKnownFileType = sourcecode.swift; path = IngredientCheckUITests.swift; sourceTree = "<group>"; };
		3DA18E292F7858B30077DB52 /* IngredientCheckUITestsLaunchTests.swift */ = {isa = PBXFileReference; lastKnownFileType = sourcecode.swift; path = IngredientCheckUITestsLaunchTests.swift; sourceTree = "<group>"; };
		3DA18E362F7860090077DB52 /* ScannerView.swift */ = {isa = PBXFileReference; lastKnownFileType = sourcecode.swift; path = ScannerView.swift; sourceTree = "<group>"; };
		3DAF4B1F2FCF1F7D000BD1E9 /* DietaryProfile.swift */ = {isa = PBXFileReference; lastKnownFileType = sourcecode.swift; path = DietaryProfile.swift; sourceTree = "<group>"; };
		3DAF4B202FCF1F7D000BD1E9 /* IngredientClassifier.swift */ = {isa = PBXFileReference; lastKnownFileType = sourcecode.swift; path = IngredientClassifier.swift; sourceTree = "<group>"; };
		3DAF4B212FCF1F7D000BD1E9 /* IngredientDatabase.swift */ = {isa = PBXFileReference; lastKnownFileType = sourcecode.swift; path = IngredientDatabase.swift; sourceTree = "<group>"; };
		3DAF4B222FCF1F7D000BD1E9 /* ingredients.json */ = {isa = PBXFileReference; lastKnownFileType = text.json; path = ingredients.json; sourceTree = "<group>"; };
		3DAF4B232FCF1F7D000BD1E9 /* OFFIngredient.swift */ = {isa = PBXFileReference; lastKnownFileType = sourcecode.swift; path = OFFIngredient.swift; sourceTree = "<group>"; };
		3DAF4B242FCF1F7D000BD1E9 /* SettingsView.swift */ = {isa = PBXFileReference; lastKnownFileType = sourcecode.swift; path = SettingsView.swift; sourceTree = "<group>"; };
		3DAF4B252FCF1F7D000BD1E9 /* UIComponents.swift */ = {isa = PBXFileReference; lastKnownFileType = sourcecode.swift; path = UIComponents.swift; sourceTree = "<group>"; };
		3DAF4B262FCF1F7D000BD1E9 /* Verdict.swift */ = {isa = PBXFileReference; lastKnownFileType = sourcecode.swift; path = Verdict.swift; sourceTree = "<group>"; };
		3DAF4B2F2FD08667000BD1E9 /* ScanHistory.swift */ = {isa = PBXFileReference; lastKnownFileType = sourcecode.swift; path = ScanHistory.swift; sourceTree = "<group>"; };
/* End PBXFileReference section */

/* Begin PBXFrameworksBuildPhase section */
		3DA18E062F7858B10077DB52 /* Frameworks */ = {
			isa = PBXFrameworksBuildPhase;
			buildActionMask = 2147483647;
			files = (
			);
			runOnlyForDeploymentPostprocessing = 0;
		};
		3DA18E162F7858B30077DB52 /* Frameworks */ = {
			isa = PBXFrameworksBuildPhase;
			buildActionMask = 2147483647;
			files = (
			);
			runOnlyForDeploymentPostprocessing = 0;
		};
		3DA18E202F7858B30077DB52 /* Frameworks */ = {
			isa = PBXFrameworksBuildPhase;
			buildActionMask = 2147483647;
			files = (
			);
			runOnlyForDeploymentPostprocessing = 0;
		};
/* End PBXFrameworksBuildPhase section */

/* Begin PBXGroup section */
		3DA18E002F7858B10077DB52 = {
			isa = PBXGroup;
			children = (
				3DA18E0B2F7858B10077DB52 /* IngredientCheck */,
				3DA18E1C2F7858B30077DB52 /* IngredientCheckTests */,
				3DA18E262F7858B30077DB52 /* IngredientCheckUITests */,
				3DA18E0A2F7858B10077DB52 /* Products */,
			);
			sourceTree = "<group>";
		};
		3DA18E0A2F7858B10077DB52 /* Products */ = {
			isa = PBXGroup;
			children = (
				3DA18E092F7858B10077DB52 /* IngredientCheck.app */,
				3DA18E192F7858B30077DB52 /* IngredientCheckTests.xctest */,
				3DA18E232F7858B30077DB52 /* IngredientCheckUITests.xctest */,
			);
			name = Products;
			sourceTree = "<group>";
		};
		3DA18E0B2F7858B10077DB52 /* IngredientCheck */ = {
			isa = PBXGroup;
			children = (
				3DAF4B2F2FD08667000BD1E9 /* ScanHistory.swift */,
				3DAF4B1F2FCF1F7D000BD1E9 /* DietaryProfile.swift */,
				3DAF4B202FCF1F7D000BD1E9 /* IngredientClassifier.swift */,
				3DAF4B212FCF1F7D000BD1E9 /* IngredientDatabase.swift */,
				3DAF4B222FCF1F7D000BD1E9 /* ingredients.json */,
				3DAF4B232FCF1F7D000BD1E9 /* OFFIngredient.swift */,
				3DAF4B242FCF1F7D000BD1E9 /* SettingsView.swift */,
				3DAF4B252FCF1F7D000BD1E9 /* UIComponents.swift */,
				3DAF4B262FCF1F7D000BD1E9 /* Verdict.swift */,
				3DA18E0C2F7858B10077DB52 /* IngredientCheckApp.swift */,
				3DA18E0E2F7858B10077DB52 /* ContentView.swift */,
				3DA18E362F7860090077DB52 /* ScannerView.swift */,
				3D0D6B082F7981350021EBD6 /* Product.swift */,
				3D0D6B0A2F7981D70021EBD6 /* ProductService.swift */,
				3DA18E102F7858B30077DB52 /* Assets.xcassets */,
				3DA18E122F7858B30077DB52 /* Preview Content */,
			);
			path = IngredientCheck;
			sourceTree = "<group>";
		};
		3DA18E122F7858B30077DB52 /* Preview Content */ = {
			isa = PBXGroup;
			children = (
				3DA18E132F7858B30077DB52 /* Preview Assets.xcassets */,
			);
			path = "Preview Content";
			sourceTree = "<group>";
		};
		3DA18E1C2F7858B30077DB52 /* IngredientCheckTests */ = {
			isa = PBXGroup;
			children = (
				3DA18E1D2F7858B30077DB52 /* IngredientCheckTests.swift */,
			);
			path = IngredientCheckTests;
			sourceTree = "<group>";
		};
		3DA18E262F7858B30077DB52 /* IngredientCheckUITests */ = {
			isa = PBXGroup;
			children = (
				3DA18E272F7858B30077DB52 /* IngredientCheckUITests.swift */,
				3DA18E292F7858B30077DB52 /* IngredientCheckUITestsLaunchTests.swift */,
			);
			path = IngredientCheckUITests;
			sourceTree = "<group>";
		};
/* End PBXGroup section */

/* Begin PBXNativeTarget section */
		3DA18E082F7858B10077DB52 /* IngredientCheck */ = {
			isa = PBXNativeTarget;
			buildConfigurationList = 3DA18E2D2F7858B30077DB52 /* Build configuration list for PBXNativeTarget "IngredientCheck" */;
			buildPhases = (
				3DA18E052F7858B10077DB52 /* Sources */,
				3DA18E062F7858B10077DB52 /* Frameworks */,
				3DA18E072F7858B10077DB52 /* Resources */,
			);
			buildRules = (
			);
			dependencies = (
			);
			name = IngredientCheck;
			productName = IngredientCheck;
			productReference = 3DA18E092F7858B10077DB52 /* IngredientCheck.app */;
			productType = "com.apple.product-type.application";
		};
		3DA18E182F7858B30077DB52 /* IngredientCheckTests */ = {
			isa = PBXNativeTarget;
			buildConfigurationList = 3DA18E302F7858B30077DB52 /* Build configuration list for PBXNativeTarget "IngredientCheckTests" */;
			buildPhases = (
				3DA18E152F7858B30077DB52 /* Sources */,
				3DA18E162F7858B30077DB52 /* Frameworks */,
				3DA18E172F7858B30077DB52 /* Resources */,
			);
			buildRules = (
			);
			dependencies = (
				3DA18E1B2F7858B30077DB52 /* PBXTargetDependency */,
			);
			name = IngredientCheckTests;
			productName = IngredientCheckTests;
			productReference = 3DA18E192F7858B30077DB52 /* IngredientCheckTests.xctest */;
			productType = "com.apple.product-type.bundle.unit-test";
		};
		3DA18E222F7858B30077DB52 /* IngredientCheckUITests */ = {
			isa = PBXNativeTarget;
			buildConfigurationList = 3DA18E332F7858B30077DB52 /* Build configuration list for PBXNativeTarget "IngredientCheckUITests" */;
			buildPhases = (
				3DA18E1F2F7858B30077DB52 /* Sources */,
				3DA18E202F7858B30077DB52 /* Frameworks */,
				3DA18E212F7858B30077DB52 /* Resources */,
			);
			buildRules = (
			);
			dependencies = (
				3DA18E252F7858B30077DB52 /* PBXTargetDependency */,
			);
			name = IngredientCheckUITests;
			productName = IngredientCheckUITests;
			productReference = 3DA18E232F7858B30077DB52 /* IngredientCheckUITests.xctest */;
			productType = "com.apple.product-type.bundle.ui-testing";
		};
/* End PBXNativeTarget section */

/* Begin PBXProject section */
		3DA18E012F7858B10077DB52 /* Project object */ = {
			isa = PBXProject;
			attributes = {
				BuildIndependentTargetsInParallel = 1;
				LastSwiftUpdateCheck = 1430;
				LastUpgradeCheck = 2650;
				TargetAttributes = {
					3DA18E082F7858B10077DB52 = {
						CreatedOnToolsVersion = 14.3.1;
					};
					3DA18E182F7858B30077DB52 = {
						CreatedOnToolsVersion = 14.3.1;
						TestTargetID = 3DA18E082F7858B10077DB52;
					};
					3DA18E222F7858B30077DB52 = {
						CreatedOnToolsVersion = 14.3.1;
						TestTargetID = 3DA18E082F7858B10077DB52;
					};
				};
			};
			buildConfigurationList = 3DA18E042F7858B10077DB52 /* Build configuration list for PBXProject "IngredientCheck" */;
			compatibilityVersion = "Xcode 14.0";
			developmentRegion = en;
			hasScannedForEncodings = 0;
			knownRegions = (
				en,
				Base,
			);
			mainGroup = 3DA18E002F7858B10077DB52;
			productRefGroup = 3DA18E0A2F7858B10077DB52 /* Products */;
			projectDirPath = "";
			projectRoot = "";
			targets = (
				3DA18E082F7858B10077DB52 /* IngredientCheck */,
				3DA18E182F7858B30077DB52 /* IngredientCheckTests */,
				3DA18E222F7858B30077DB52 /* IngredientCheckUITests */,
			);
		};
/* End PBXProject section */

/* Begin PBXResourcesBuildPhase section */
		3DA18E072F7858B10077DB52 /* Resources */ = {
			isa = PBXResourcesBuildPhase;
			buildActionMask = 2147483647;
			files = (
				3DA18E142F7858B30077DB52 /* Preview Assets.xcassets in Resources */,
				3DAF4B272FCF1F7D000BD1E9 /* ingredients.json in Resources */,
				3DA18E112F7858B30077DB52 /* Assets.xcassets in Resources */,
			);
			runOnlyForDeploymentPostprocessing = 0;
		};
		3DA18E172F7858B30077DB52 /* Resources */ = {
			isa = PBXResourcesBuildPhase;
			buildActionMask = 2147483647;
			files = (
			);
			runOnlyForDeploymentPostprocessing = 0;
		};
		3DA18E212F7858B30077DB52 /* Resources */ = {
			isa = PBXResourcesBuildPhase;
			buildActionMask = 2147483647;
			files = (
			);
			runOnlyForDeploymentPostprocessing = 0;
		};
/* End PBXResourcesBuildPhase section */

/* Begin PBXSourcesBuildPhase section */
		3DA18E052F7858B10077DB52 /* Sources */ = {
			isa = PBXSourcesBuildPhase;
			buildActionMask = 2147483647;
			files = (
				3DA18E372F7860090077DB52 /* ScannerView.swift in Sources */,
				3DAF4B282FCF1F7D000BD1E9 /* IngredientClassifier.swift in Sources */,
				3DAF4B292FCF1F7D000BD1E9 /* UIComponents.swift in Sources */,
				3DAF4B2A2FCF1F7D000BD1E9 /* OFFIngredient.swift in Sources */,
				3DAF4B2B2FCF1F7D000BD1E9 /* Verdict.swift in Sources */,
				3DAF4B2C2FCF1F7D000BD1E9 /* DietaryProfile.swift in Sources */,
				3DAF4B302FD08667000BD1E9 /* ScanHistory.swift in Sources */,
				3DAF4B2D2FCF1F7D000BD1E9 /* SettingsView.swift in Sources */,
				3DAF4B2E2FCF1F7D000BD1E9 /* IngredientDatabase.swift in Sources */,
				3D0D6B092F7981410021EBD6 /* Product.swift in Sources */,
				3DA18E0F2F7858B10077DB52 /* ContentView.swift in Sources */,
				3DA18E0D2F7858B10077DB52 /* IngredientCheckApp.swift in Sources */,
				3D0D6B0B2F7981EF0021EBD6 /* ProductService.swift in Sources */,
			);
			runOnlyForDeploymentPostprocessing = 0;
		};
		3DA18E152F7858B30077DB52 /* Sources */ = {
			isa = PBXSourcesBuildPhase;
			buildActionMask = 2147483647;
			files = (
				3DA18E1E2F7858B30077DB52 /* IngredientCheckTests.swift in Sources */,
			);
			runOnlyForDeploymentPostprocessing = 0;
		};
		3DA18E1F2F7858B30077DB52 /* Sources */ = {
			isa = PBXSourcesBuildPhase;
			buildActionMask = 2147483647;
			files = (
				3DA18E2A2F7858B30077DB52 /* IngredientCheckUITestsLaunchTests.swift in Sources */,
				3DA18E282F7858B30077DB52 /* IngredientCheckUITests.swift in Sources */,
			);
			runOnlyForDeploymentPostprocessing = 0;
		};
/* End PBXSourcesBuildPhase section */

/* Begin PBXTargetDependency section */
		3DA18E1B2F7858B30077DB52 /* PBXTargetDependency */ = {
			isa = PBXTargetDependency;
			target = 3DA18E082F7858B10077DB52 /* IngredientCheck */;
			targetProxy = 3DA18E1A2F7858B30077DB52 /* PBXContainerItemProxy */;
		};
		3DA18E252F7858B30077DB52 /* PBXTargetDependency */ = {
			isa = PBXTargetDependency;
			target = 3DA18E082F7858B10077DB52 /* IngredientCheck */;
			targetProxy = 3DA18E242F7858B30077DB52 /* PBXContainerItemProxy */;
		};
/* End PBXTargetDependency section */

/* Begin XCBuildConfiguration section */
		3DA18E2B2F7858B30077DB52 /* Debug */ = {
			isa = XCBuildConfiguration;
			buildSettings = {
				ALWAYS_SEARCH_USER_PATHS = NO;
				CLANG_ANALYZER_NONNULL = YES;
				CLANG_ANALYZER_NUMBER_OBJECT_CONVERSION = YES_AGGRESSIVE;
				CLANG_CXX_LANGUAGE_STANDARD = "gnu++20";
				CLANG_ENABLE_MODULES = YES;
				CLANG_ENABLE_OBJC_ARC = YES;
				CLANG_ENABLE_OBJC_WEAK = YES;
				CLANG_WARN_BLOCK_CAPTURE_AUTORELEASING = YES;
				CLANG_WARN_BOOL_CONVERSION = YES;
				CLANG_WARN_COMMA = YES;
				CLANG_WARN_CONSTANT_CONVERSION = YES;
				CLANG_WARN_DEPRECATED_OBJC_IMPLEMENTATIONS = YES;
				CLANG_WARN_DIRECT_OBJC_ISA_USAGE = YES_ERROR;
				CLANG_WARN_DOCUMENTATION_COMMENTS = YES;
				CLANG_WARN_EMPTY_BODY = YES;
				CLANG_WARN_ENUM_CONVERSION = YES;
				CLANG_WARN_INFINITE_RECURSION = YES;
				CLANG_WARN_INT_CONVERSION = YES;
				CLANG_WARN_NON_LITERAL_NULL_CONVERSION = YES;
				CLANG_WARN_OBJC_IMPLICIT_RETAIN_SELF = YES;
				CLANG_WARN_OBJC_LITERAL_CONVERSION = YES;
				CLANG_WARN_OBJC_ROOT_CLASS = YES_ERROR;
				CLANG_WARN_QUOTED_INCLUDE_IN_FRAMEWORK_HEADER = YES;
				CLANG_WARN_RANGE_LOOP_ANALYSIS = YES;
				CLANG_WARN_STRICT_PROTOTYPES = YES;
				CLANG_WARN_SUSPICIOUS_MOVE = YES;
				CLANG_WARN_UNGUARDED_AVAILABILITY = YES_AGGRESSIVE;
				CLANG_WARN_UNREACHABLE_CODE = YES;
				CLANG_WARN__DUPLICATE_METHOD_MATCH = YES;
				COPY_PHASE_STRIP = NO;
				DEBUG_INFORMATION_FORMAT = dwarf;
				ENABLE_STRICT_OBJC_MSGSEND = YES;
				ENABLE_TESTABILITY = YES;
				ENABLE_USER_SCRIPT_SANDBOXING = YES;
				GCC_C_LANGUAGE_STANDARD = gnu11;
				GCC_DYNAMIC_NO_PIC = NO;
				GCC_NO_COMMON_BLOCKS = YES;
				GCC_OPTIMIZATION_LEVEL = 0;
				GCC_PREPROCESSOR_DEFINITIONS = (
					"DEBUG=1",
					"$(inherited)",
				);
				GCC_WARN_64_TO_32_BIT_CONVERSION = YES;
				GCC_WARN_ABOUT_RETURN_TYPE = YES_ERROR;
				GCC_WARN_UNDECLARED_SELECTOR = YES;
				GCC_WARN_UNINITIALIZED_AUTOS = YES_AGGRESSIVE;
				GCC_WARN_UNUSED_FUNCTION = YES;
				GCC_WARN_UNUSED_VARIABLE = YES;
				IPHONEOS_DEPLOYMENT_TARGET = 16.4;
				MTL_ENABLE_DEBUG_INFO = INCLUDE_SOURCE;
				MTL_FAST_MATH = YES;
				ONLY_ACTIVE_ARCH = YES;
				SDKROOT = iphoneos;
				STRING_CATALOG_GENERATE_SYMBOLS = YES;
				SWIFT_ACTIVE_COMPILATION_CONDITIONS = DEBUG;
				SWIFT_OPTIMIZATION_LEVEL = "-Onone";
			};
			name = Debug;
		};
		3DA18E2C2F7858B30077DB52 /* Release */ = {
			isa = XCBuildConfiguration;
			buildSettings = {
				ALWAYS_SEARCH_USER_PATHS = NO;
				CLANG_ANALYZER_NONNULL = YES;
				CLANG_ANALYZER_NUMBER_OBJECT_CONVERSION = YES_AGGRESSIVE;
				CLANG_CXX_LANGUAGE_STANDARD = "gnu++20";
				CLANG_ENABLE_MODULES = YES;
				CLANG_ENABLE_OBJC_ARC = YES;
				CLANG_ENABLE_OBJC_WEAK = YES;
				CLANG_WARN_BLOCK_CAPTURE_AUTORELEASING = YES;
				CLANG_WARN_BOOL_CONVERSION = YES;
				CLANG_WARN_COMMA = YES;
				CLANG_WARN_CONSTANT_CONVERSION = YES;
				CLANG_WARN_DEPRECATED_OBJC_IMPLEMENTATIONS = YES;
				CLANG_WARN_DIRECT_OBJC_ISA_USAGE = YES_ERROR;
				CLANG_WARN_DOCUMENTATION_COMMENTS = YES;
				CLANG_WARN_EMPTY_BODY = YES;
				CLANG_WARN_ENUM_CONVERSION = YES;
				CLANG_WARN_INFINITE_RECURSION = YES;
				CLANG_WARN_INT_CONVERSION = YES;
				CLANG_WARN_NON_LITERAL_NULL_CONVERSION = YES;
				CLANG_WARN_OBJC_IMPLICIT_RETAIN_SELF = YES;
				CLANG_WARN_OBJC_LITERAL_CONVERSION = YES;
				CLANG_WARN_OBJC_ROOT_CLASS = YES_ERROR;
				CLANG_WARN_QUOTED_INCLUDE_IN_FRAMEWORK_HEADER = YES;
				CLANG_WARN_RANGE_LOOP_ANALYSIS = YES;
				CLANG_WARN_STRICT_PROTOTYPES = YES;
				CLANG_WARN_SUSPICIOUS_MOVE = YES;
				CLANG_WARN_UNGUARDED_AVAILABILITY = YES_AGGRESSIVE;
				CLANG_WARN_UNREACHABLE_CODE = YES;
				CLANG_WARN__DUPLICATE_METHOD_MATCH = YES;
				COPY_PHASE_STRIP = NO;
				DEBUG_INFORMATION_FORMAT = "dwarf-with-dsym";
				ENABLE_NS_ASSERTIONS = NO;
				ENABLE_STRICT_OBJC_MSGSEND = YES;
				ENABLE_USER_SCRIPT_SANDBOXING = YES;
				GCC_C_LANGUAGE_STANDARD = gnu11;
				GCC_NO_COMMON_BLOCKS = YES;
				GCC_WARN_64_TO_32_BIT_CONVERSION = YES;
				GCC_WARN_ABOUT_RETURN_TYPE = YES_ERROR;
				GCC_WARN_UNDECLARED_SELECTOR = YES;
				GCC_WARN_UNINITIALIZED_AUTOS = YES_AGGRESSIVE;
				GCC_WARN_UNUSED_FUNCTION = YES;
				GCC_WARN_UNUSED_VARIABLE = YES;
				IPHONEOS_DEPLOYMENT_TARGET = 16.4;
				MTL_ENABLE_DEBUG_INFO = NO;
				MTL_FAST_MATH = YES;
				SDKROOT = iphoneos;
				STRING_CATALOG_GENERATE_SYMBOLS = YES;
				SWIFT_COMPILATION_MODE = wholemodule;
				SWIFT_OPTIMIZATION_LEVEL = "-O";
				VALIDATE_PRODUCT = YES;
			};
			name = Release;
		};
		3DA18E2E2F7858B30077DB52 /* Debug */ = {
			isa = XCBuildConfiguration;
			buildSettings = {
				ASSETCATALOG_COMPILER_APPICON_NAME = AppIcon;
				ASSETCATALOG_COMPILER_GLOBAL_ACCENT_COLOR_NAME = AccentColor;
				CODE_SIGN_STYLE = Automatic;
				CURRENT_PROJECT_VERSION = 7;
				DEVELOPMENT_ASSET_PATHS = "\"IngredientCheck/Preview Content\"";
				DEVELOPMENT_TEAM = 3378W95B22;
				ENABLE_PREVIEWS = YES;
				GENERATE_INFOPLIST_FILE = YES;
				INFOPLIST_KEY_NSCameraUsageDescription = "Camera is used to scan product barcodes.";
				INFOPLIST_KEY_UIApplicationSceneManifest_Generation = YES;
				INFOPLIST_KEY_UIApplicationSupportsIndirectInputEvents = YES;
				INFOPLIST_KEY_UILaunchScreen_Generation = YES;
				INFOPLIST_KEY_UISupportedInterfaceOrientations_iPad = "UIInterfaceOrientationPortrait UIInterfaceOrientationPortraitUpsideDown UIInterfaceOrientationLandscapeLeft UIInterfaceOrientationLandscapeRight";
				INFOPLIST_KEY_UISupportedInterfaceOrientations_iPhone = "UIInterfaceOrientationPortrait UIInterfaceOrientationLandscapeLeft UIInterfaceOrientationLandscapeRight";
				LD_RUNPATH_SEARCH_PATHS = (
					"$(inherited)",
					"@executable_path/Frameworks",
				);
				MARKETING_VERSION = 2.3.1;
				PRODUCT_BUNDLE_IDENTIFIER = com.sevket.IngredientCheck;
				PRODUCT_NAME = "$(TARGET_NAME)";
				SWIFT_EMIT_LOC_STRINGS = YES;
				SWIFT_VERSION = 5.0;
				TARGETED_DEVICE_FAMILY = "1,2";
			};
			name = Debug;
		};
		3DA18E2F2F7858B30077DB52 /* Release */ = {
			isa = XCBuildConfiguration;
			buildSettings = {
				ASSETCATALOG_COMPILER_APPICON_NAME = AppIcon;
				ASSETCATALOG_COMPILER_GLOBAL_ACCENT_COLOR_NAME = AccentColor;
				CODE_SIGN_STYLE = Automatic;
				CURRENT_PROJECT_VERSION = 7;
				DEVELOPMENT_ASSET_PATHS = "\"IngredientCheck/Preview Content\"";
				DEVELOPMENT_TEAM = 3378W95B22;
				ENABLE_PREVIEWS = YES;
				GENERATE_INFOPLIST_FILE = YES;
				INFOPLIST_KEY_NSCameraUsageDescription = "Camera is used to scan product barcodes.";
				INFOPLIST_KEY_UIApplicationSceneManifest_Generation = YES;
				INFOPLIST_KEY_UIApplicationSupportsIndirectInputEvents = YES;
				INFOPLIST_KEY_UILaunchScreen_Generation = YES;
				INFOPLIST_KEY_UISupportedInterfaceOrientations_iPad = "UIInterfaceOrientationPortrait UIInterfaceOrientationPortraitUpsideDown UIInterfaceOrientationLandscapeLeft UIInterfaceOrientationLandscapeRight";
				INFOPLIST_KEY_UISupportedInterfaceOrientations_iPhone = "UIInterfaceOrientationPortrait UIInterfaceOrientationLandscapeLeft UIInterfaceOrientationLandscapeRight";
				LD_RUNPATH_SEARCH_PATHS = (
					"$(inherited)",
					"@executable_path/Frameworks",
				);
				MARKETING_VERSION = 2.3.1;
				PRODUCT_BUNDLE_IDENTIFIER = com.sevket.IngredientCheck;
				PRODUCT_NAME = "$(TARGET_NAME)";
				SWIFT_EMIT_LOC_STRINGS = YES;
				SWIFT_VERSION = 5.0;
				TARGETED_DEVICE_FAMILY = "1,2";
			};
			name = Release;
		};
		3DA18E312F7858B30077DB52 /* Debug */ = {
			isa = XCBuildConfiguration;
			buildSettings = {
				BUNDLE_LOADER = "$(TEST_HOST)";
				CODE_SIGN_STYLE = Automatic;
				CURRENT_PROJECT_VERSION = 7;
				GENERATE_INFOPLIST_FILE = YES;
				IPHONEOS_DEPLOYMENT_TARGET = 16.4;
				MARKETING_VERSION = 2.3.1;
				PRODUCT_BUNDLE_IDENTIFIER = com.sevket.IngredientCheckTests;
				PRODUCT_NAME = "$(TARGET_NAME)";
				SWIFT_EMIT_LOC_STRINGS = NO;
				SWIFT_VERSION = 5.0;
				TARGETED_DEVICE_FAMILY = "1,2";
				TEST_HOST = "$(BUILT_PRODUCTS_DIR)/IngredientCheck.app/$(BUNDLE_EXECUTABLE_FOLDER_PATH)/IngredientCheck";
			};
			name = Debug;
		};
		3DA18E322F7858B30077DB52 /* Release */ = {
			isa = XCBuildConfiguration;
			buildSettings = {
				BUNDLE_LOADER = "$(TEST_HOST)";
				CODE_SIGN_STYLE = Automatic;
				CURRENT_PROJECT_VERSION = 7;
				GENERATE_INFOPLIST_FILE = YES;
				IPHONEOS_DEPLOYMENT_TARGET = 16.4;
				MARKETING_VERSION = 2.3.1;
				PRODUCT_BUNDLE_IDENTIFIER = com.sevket.IngredientCheckTests;
				PRODUCT_NAME = "$(TARGET_NAME)";
				SWIFT_EMIT_LOC_STRINGS = NO;
				SWIFT_VERSION = 5.0;
				TARGETED_DEVICE_FAMILY = "1,2";
				TEST_HOST = "$(BUILT_PRODUCTS_DIR)/IngredientCheck.app/$(BUNDLE_EXECUTABLE_FOLDER_PATH)/IngredientCheck";
			};
			name = Release;
		};
		3DA18E342F7858B30077DB52 /* Debug */ = {
			isa = XCBuildConfiguration;
			buildSettings = {
				CODE_SIGN_STYLE = Automatic;
				CURRENT_PROJECT_VERSION = 7;
				GENERATE_INFOPLIST_FILE = YES;
				MARKETING_VERSION = 2.3.1;
				PRODUCT_BUNDLE_IDENTIFIER = com.sevket.IngredientCheckUITests;
				PRODUCT_NAME = "$(TARGET_NAME)";
				SWIFT_EMIT_LOC_STRINGS = NO;
				SWIFT_VERSION = 5.0;
				TARGETED_DEVICE_FAMILY = "1,2";
				TEST_TARGET_NAME = IngredientCheck;
			};
			name = Debug;
		};
		3DA18E352F7858B30077DB52 /* Release */ = {
			isa = XCBuildConfiguration;
			buildSettings = {
				CODE_SIGN_STYLE = Automatic;
				CURRENT_PROJECT_VERSION = 7;
				GENERATE_INFOPLIST_FILE = YES;
				MARKETING_VERSION = 2.3.1;
				PRODUCT_BUNDLE_IDENTIFIER = com.sevket.IngredientCheckUITests;
				PRODUCT_NAME = "$(TARGET_NAME)";
				SWIFT_EMIT_LOC_STRINGS = NO;
				SWIFT_VERSION = 5.0;
				TARGETED_DEVICE_FAMILY = "1,2";
				TEST_TARGET_NAME = IngredientCheck;
			};
			name = Release;
		};
/* End XCBuildConfiguration section */

/* Begin XCConfigurationList section */
		3DA18E042F7858B10077DB52 /* Build configuration list for PBXProject "IngredientCheck" */ = {
			isa = XCConfigurationList;
			buildConfigurations = (
				3DA18E2B2F7858B30077DB52 /* Debug */,
				3DA18E2C2F7858B30077DB52 /* Release */,
			);
			defaultConfigurationIsVisible = 0;
			defaultConfigurationName = Release;
		};
		3DA18E2D2F7858B30077DB52 /* Build configuration list for PBXNativeTarget "IngredientCheck" */ = {
			isa = XCConfigurationList;
			buildConfigurations = (
				3DA18E2E2F7858B30077DB52 /* Debug */,
				3DA18E2F2F7858B30077DB52 /* Release */,
			);
			defaultConfigurationIsVisible = 0;
			defaultConfigurationName = Release;
		};
		3DA18E302F7858B30077DB52 /* Build configuration list for PBXNativeTarget "IngredientCheckTests" */ = {
			isa = XCConfigurationList;
			buildConfigurations = (
				3DA18E312F7858B30077DB52 /* Debug */,
				3DA18E322F7858B30077DB52 /* Release */,
			);
			defaultConfigurationIsVisible = 0;
			defaultConfigurationName = Release;
		};
		3DA18E332F7858B30077DB52 /* Build configuration list for PBXNativeTarget "IngredientCheckUITests" */ = {
			isa = XCConfigurationList;
			buildConfigurations = (
				3DA18E342F7858B30077DB52 /* Debug */,
				3DA18E352F7858B30077DB52 /* Release */,
			);
			defaultConfigurationIsVisible = 0;
			defaultConfigurationName = Release;
		};
/* End XCConfigurationList section */
	};
	rootObject = 3DA18E012F7858B10077DB52 /* Project object */;
}
